
Microsoft Visual Studio Solution File, Format Version 12.00
# Visual Studio Version 16
VisualStudioVersion = 16.0.30711.63
MinimumVisualStudioVersion = 10.0.40219.1
Project("{FAE04EC0-301F-11D3-BF4B-00C04F79EFBC}") = "ConsoleApp1", "ConsoleApp1\ConsoleApp1.csproj", "{C80E8D7F-6C98-41A4-93FA-4B70241F2A09}"
EndProject
Global
	GlobalSection(SolutionConfigurationPlatforms) = preSolution
		Debug|Any CPU = Debug|Any CPU
		Release|Any CPU = Release|Any CPU
	EndGlobalSection
	GlobalSection(ProjectConfigurationPlatforms) = postSolution
		{C80E8D7F-6C98-41A4-93FA-4B70241F2A09}.Debug|Any CPU.ActiveCfg = Debug|Any CPU
		{C80E8D7F-6C98-41A4-93FA-4B70241F2A09}.Debug|Any CPU.Build.0 = Debug|Any CPU
		{C80E8D7F-6C98-41A4-93FA-4B70241F2A09}.Release|Any CPU.ActiveCfg = Release|Any CPU
		{C80E8D7F-6C98-41A4-93FA-4B70241F2A09}.Release|Any CPU.Build.0 = Release|Any CPU
	EndGlobalSection
	GlobalSection(SolutionProperties) = preSolution
		HideSolutionNode = FALSE
	EndGlobalSection
	GlobalSection(ExtensibilityGlobals) = postSolution
		SolutionGuid = {E314DB12-AD33-4FBB-8CE2-875E94773F3F}
	EndGlobalSection
EndGlobal
